<?xml version="1.0" encoding="UTF-8"?>
<Scheme
   LastUpgradeVersion = "0630"
   version = "2.0">
   <BuildAction
      parallelizeBuildables = "YES"
      buildImplicitDependencies = "YES">
      <BuildActionEntries>
         <BuildActionEntry
            buildForTesting = "YES"
            buildForRunning = "YES"
            buildForProfiling = "YES"
            buildForArchiving = "YES"
            buildForAnalyzing = "YES">
            <BuildableReference
               BuildableIdentifier = "primary"
               BlueprintIdentifier = "01C41DD61AB10EC000CAF5F4"
               BuildableName = "WatchGame WatchKit App.app"
               BlueprintName = "WatchGame WatchKit App"
               ReferencedContainer = "container:WatchGame.xcodeproj">
            </BuildableReference>
         </BuildActionEntry>
         <BuildActionEntry
            buildForTesting = "YES"
            buildForRunning = "YES"
            buildForProfiling = "YES"
            buildForArchiving = "YES"
            buildForAnalyzing = "YES">
            <BuildableReference
               BuildableIdentifier = "primary"
               BlueprintIdentifier = "01C41DC91AB10EC000CAF5F4"
               BuildableName = "WatchGame WatchKit Extension.appex"
               BlueprintName = "WatchGame WatchKit Extension"
               ReferencedContainer = "container:WatchGame.xcodeproj">
            </BuildableReference>
         </BuildActionEntry>
         <BuildActionEntry
            buildForTesting = "YES"
            buildForRunning = "YES"
            buildForProfiling = "YES"
            buildForArchiving = "YES"
            buildForAnalyzing = "YES">
            <BuildableReference
               BuildableIdentifier = "primary"
               BlueprintIdentifier = "01C41DA01AB10D2500CAF5F4"
               BuildableName = "WatchGame.app"
               BlueprintName = "WatchGame"
               ReferencedContainer = "container:WatchGame.xcodeproj">
            </BuildableReference>
         </BuildActionEntry>
      </BuildActionEntries>
   </BuildAction>
   <TestAction
      selectedDebuggerIdentifier = "Xcode.DebuggerFoundation.Debugger.LLDB"
      selectedLauncherIdentifier = "Xcode.DebuggerFoundation.Launcher.LLDB"
      shouldUseLaunchSchemeArgsEnv = "YES"
      buildConfiguration = "Debug">
      <Testables>
      </Testables>
      <MacroExpansion>
         <BuildableReference
            BuildableIdentifier = "primary"
            BlueprintIdentifier = "01C41DD61AB10EC000CAF5F4"
            BuildableName = "WatchGame WatchKit App.app"
            BlueprintName = "WatchGame WatchKit App"
            ReferencedContainer = "container:WatchGame.xcodeproj">
         </BuildableReference>
      </MacroExpansion>
   </TestAction>
   <LaunchAction
      selectedDebuggerIdentifier = "Xcode.DebuggerFoundation.Debugger.LLDB"
      selectedLauncherIdentifier = "Xcode.DebuggerFoundation.Launcher.LLDB"
      launchStyle = "0"
      useCustomWorkingDirectory = "NO"
      buildConfiguration = "Debug"
      ignoresPersistentStateOnLaunch = "NO"
      debugDocumentVersioning = "YES"
      allowLocationSimulation = "YES"
      launchAutomaticallySubstyle = "8"
      notificationPayloadFile = "WatchGame WatchKit Extension/PushNotificationPayload.apns">
      <RemoteRunnable
         runnableDebuggingMode = "2"
         BundleIdentifier = "com.apple.springboard"
         RemotePath = "/WatchGame">
         <BuildableReference
            BuildableIdentifier = "primary"
            BlueprintIdentifier = "01C41DD61AB10EC000CAF5F4"
            BuildableName = "WatchGame WatchKit App.app"
            BlueprintName = "WatchGame WatchKit App"
            ReferencedContainer = "container:WatchGame.xcodeproj">
         </BuildableReference>
      </RemoteRunnable>
      <MacroExpansion>
         <BuildableReference
            BuildableIdentifier = "primary"
            BlueprintIdentifier = "01C41DD61AB10EC000CAF5F4"
            BuildableName = "WatchGame WatchKit App.app"
            BlueprintName = "WatchGame WatchKit App"
            ReferencedContainer = "container:WatchGame.xcodeproj">
         </BuildableReference>
      </MacroExpansion>
      <AdditionalOptions>
      </AdditionalOptions>
   </LaunchAction>
   <ProfileAction
      shouldUseLaunchSchemeArgsEnv = "YES"
      savedToolIdentifier = ""
      useCustomWorkingDirectory = "NO"
      buildConfiguration = "Release"
      debugDocumentVersioning = "YES">
      <RemoteRunnable
         runnableDebuggingMode = "2"
         BundleIdentifier = "com.apple.springboard"
         RemotePath = "/WatchGame">
         <BuildableReference
            BuildableIdentifier = "primary"
            BlueprintIdentifier = "01C41DD61AB10EC000CAF5F4"
            BuildableName = "WatchGame WatchKit App.app"
            BlueprintName = "WatchGame WatchKit App"
            ReferencedContainer = "container:WatchGame.xcodeproj">
         </BuildableReference>
      </RemoteRunnable>
      <MacroExpansion>
         <BuildableReference
            BuildableIdentifier = "primary"
            BlueprintIdentifier = "01C41DD61AB10EC000CAF5F4"
            BuildableName = "WatchGame WatchKit App.app"
            BlueprintName = "WatchGame WatchKit App"
            ReferencedContainer = "container:WatchGame.xcodeproj">
         </BuildableReference>
      </MacroExpansion>
   </ProfileAction>
   <AnalyzeAction
      buildConfiguration = "Debug">
   </AnalyzeAction>
   <ArchiveAction
      buildConfiguration = "Release"
      revealArchiveInOrganizer = "YES">
   </ArchiveAction>
</Scheme>
